{
  "name": "smitherium",
  "version": "1.0.0",
  "lockfileVersion": 3,
  "requires": true,
  "packages": {
    "": {
      "name": "smitherium",
      "version": "1.0.0",
      "license": "ISC",
      "dependencies": {
        "hex-to-binary": "^1.0.1"
      }
    },
    "node_modules/hex-to-binary": {
      "version": "1.0.1",
      "resolved": "https://registry.npmjs.org/hex-to-binary/-/hex-to-binary-1.0.1.tgz",
      "integrity": "sha512-m1ykzQs9fKfgfzXj2oV5xAWoyGaudwa0qxY4IDUOgY8J69fKY7mXdwTfQHtS3Y5kglpwM7UmyCSQFKnL87FrdQ=="
    }
  }
}
